// !$*UTF8*$!
{
	archiveVersion = 1;
	classes = {
	};
	objectVersion = 77;
	objects = {

/* Begin PBXBuildFile section */
		019D346A654745C266CB4FD5 /* SwooshAPIClient+Memories.swift in Sources */ = {isa = PBXBuildFile; fileRef = 5054F477CEE22F5FE361C606 /* SwooshAPIClient+Memories.swift */; };
		034A03C4B406951A54BAA529 /* WireTypes+Board.swift in Sources */ = {isa = PBXBuildFile; fileRef = 452063C76A7A13EBAF8AF9A9 /* WireTypes+Board.swift */; };
		03B16E818A01105B47A42699 /* DetourIOSInstaller.swift in Sources */ = {isa = PBXBuildFile; fileRef = 9515F6EF3F4DB22F101BD0B5 /* DetourIOSInstaller.swift */; };
		0CFB0509B33CF3276A513EA1 /* SwooshAPIClient+Firewall.swift in Sources */ = {isa = PBXBuildFile; fileRef = 8D0815EE890A1BB7389673F4 /* SwooshAPIClient+Firewall.swift */; };
		180B8347724F5514D8971C7C /* DetourOnboardingNativeView.swift in Sources */ = {isa = PBXBuildFile; fileRef = 456C853B7FCF3879F3252E77 /* DetourOnboardingNativeView.swift */; };
		22E1EBC1A41C15D7E3A2A01F /* WireTypes+Providers.swift in Sources */ = {isa = PBXBuildFile; fileRef = E7D7904EAA529FD402D74E5D /* WireTypes+Providers.swift */; };
		25E2F54B36443AAD87839F4D /* SwooshExecutor.swift in Sources */ = {isa = PBXBuildFile; fileRef = 4381E41C31545D3203A7B61A /* SwooshExecutor.swift */; };
		2995947327AE08527D8BD041 /* WireTypes+Runtime.swift in Sources */ = {isa = PBXBuildFile; fileRef = E6E0D0C4F33919F65DAE8E41 /* WireTypes+Runtime.swift */; };
		2E4B62404441D73921EA8C80 /* WireTypes+Wallet.swift in Sources */ = {isa = PBXBuildFile; fileRef = 1F0857C7A87992CCDB8FC87C /* WireTypes+Wallet.swift */; };
		2EF2FDBDE1BBBBE29D4A2AF6 /* DetourPairingSupport.swift in Sources */ = {isa = PBXBuildFile; fileRef = 02E4177731A337C27B533E2F /* DetourPairingSupport.swift */; };
		34B7D047DDD04FAA58A73BC7 /* WireTypes+Doctor.swift in Sources */ = {isa = PBXBuildFile; fileRef = 65C21CB3391B764F9164DEE1 /* WireTypes+Doctor.swift */; };
		3F643D8B3F106C244C2CE5CD /* SwooshiOSApp.swift in Sources */ = {isa = PBXBuildFile; fileRef = 02DB720ACD211F31668F8A0A /* SwooshiOSApp.swift */; };
		450A04CCA57D8C7AA4AAD60D /* WireTypes+Memories.swift in Sources */ = {isa = PBXBuildFile; fileRef = 11D14C6D6740014C8F7DDB8C /* WireTypes+Memories.swift */; };
		45B67B13D157736CF44AD1E5 /* WireTypes+Launchpads.swift in Sources */ = {isa = PBXBuildFile; fileRef = BEEBDD612462E37F1E50792A /* WireTypes+Launchpads.swift */; };
		4958D912632ED426994F98CB /* SwooshAPIClient+Wallet.swift in Sources */ = {isa = PBXBuildFile; fileRef = 59FF964FEFDFC98C86EAD029 /* SwooshAPIClient+Wallet.swift */; };
		4A488EF43B0A06E3D3E669F3 /* WireTypes+MCP.swift in Sources */ = {isa = PBXBuildFile; fileRef = E289A6E9B417AE349F5101E8 /* WireTypes+MCP.swift */; };
		4B223E57521BA1BE4345B7A5 /* DetourVoiceEnrollmentRecorder.swift in Sources */ = {isa = PBXBuildFile; fileRef = 28155BCA75E36F8802D3046D /* DetourVoiceEnrollmentRecorder.swift */; };
		4D7010F62A6848EA84F47BD5 /* OfflineMessageCache.swift in Sources */ = {isa = PBXBuildFile; fileRef = 43A4A544D0958D670BF082AE /* OfflineMessageCache.swift */; };
		4E511F5548207D9BECB7BCC5 /* SwooshAPIClient+Goals.swift in Sources */ = {isa = PBXBuildFile; fileRef = 8FA037957996BC661FC50825 /* SwooshAPIClient+Goals.swift */; };
		4F751D6D47EFB1F629E9F723 /* WireTypes+Plugins.swift in Sources */ = {isa = PBXBuildFile; fileRef = FA2A739687BA2BF11782B013 /* WireTypes+Plugins.swift */; };
		572052A68DA0E9ECE81AAE9A /* WireTypes+Goals.swift in Sources */ = {isa = PBXBuildFile; fileRef = C8E5CAA92D06BE4A4D6425C8 /* WireTypes+Goals.swift */; };
		5AFC466E0C70966C1DB72F29 /* DetourNativeVoiceCatalog.swift in Sources */ = {isa = PBXBuildFile; fileRef = 7AE2D253FC592A9CCA4DD3C1 /* DetourNativeVoiceCatalog.swift */; };
		62B5D2660755BABFB58174AD /* WireTypes+Audit.swift in Sources */ = {isa = PBXBuildFile; fileRef = 2F969C44684023A1DC4A2746 /* WireTypes+Audit.swift */; };
		64B5CE964C17795A354E41F0 /* TokenStore.swift in Sources */ = {isa = PBXBuildFile; fileRef = C020739AC89216898E2C28A6 /* TokenStore.swift */; };
		68AB21B4706B15EE08A73735 /* DetouriOSVoiceEnrollmentRecorder.swift in Sources */ = {isa = PBXBuildFile; fileRef = 5B0C7B1D63F4E49750C60E09 /* DetouriOSVoiceEnrollmentRecorder.swift */; };
		69716793A39856E8495A06AC /* DetouriOSStateStore.swift in Sources */ = {isa = PBXBuildFile; fileRef = 38763004410C7B534DD827D5 /* DetouriOSStateStore.swift */; };
		790B29D9C2959E08140052E2 /* DetourPairingWebServer.swift in Sources */ = {isa = PBXBuildFile; fileRef = 3EE5A869C94D741A58052EDD /* DetourPairingWebServer.swift */; };
		7BC085DB9CA3C089CC63FAAE /* WireTypes+Firewall.swift in Sources */ = {isa = PBXBuildFile; fileRef = 108B18565B3041CE14794F63 /* WireTypes+Firewall.swift */; };
		7FDB88D8E98C2277407176CA /* WireTypes+Skills.swift in Sources */ = {isa = PBXBuildFile; fileRef = 7FE9C3F93442AD30502259B6 /* WireTypes+Skills.swift */; };
		81266A0E6BBA8505009805A0 /* DetourMacApp.swift in Sources */ = {isa = PBXBuildFile; fileRef = C0DA0AF742491E7D0ECD25C7 /* DetourMacApp.swift */; };
		84145A5C28E3CE894C154571 /* WireTypes+Tools.swift in Sources */ = {isa = PBXBuildFile; fileRef = E1EB5C827DDFBBDA046F8CCA /* WireTypes+Tools.swift */; };
		8C9F42C6A49DD76713C0827E /* SwooshAPIClient+Tools.swift in Sources */ = {isa = PBXBuildFile; fileRef = 4D40B756B103935DA8259744 /* SwooshAPIClient+Tools.swift */; };
		8CC8ACF49B02843CB49EA935 /* DetourDeviceDiscovery.swift in Sources */ = {isa = PBXBuildFile; fileRef = E6B22165ABF0F08BEDC45560 /* DetourDeviceDiscovery.swift */; };
		8EC85ADAB074B3F4C188C4F5 /* DetourLiveSpeechRecognizer.swift in Sources */ = {isa = PBXBuildFile; fileRef = B9F07549CBA3A3486A3FD22E /* DetourLiveSpeechRecognizer.swift */; };
		91CA6973398A151FEAAED214 /* DetourPaths.swift in Sources */ = {isa = PBXBuildFile; fileRef = 71104E50E6A707890C152009 /* DetourPaths.swift */; };
		91DF622A50605543262DCBC0 /* OnboardingStore.swift in Sources */ = {isa = PBXBuildFile; fileRef = B69E6E24B3BF57DB5C605A6C /* OnboardingStore.swift */; };
		92157E83EC60F1802588C24E /* WireTypes+Cron.swift in Sources */ = {isa = PBXBuildFile; fileRef = D372D34B635C1C9277704647 /* WireTypes+Cron.swift */; };
		98172BE2CBA96AF9F7A0CDB8 /* DetouriOSOnboardingView.swift in Sources */ = {isa = PBXBuildFile; fileRef = F5ADB55F731CC92FBA3B7C9D /* DetouriOSOnboardingView.swift */; };
		999E40ACFEDC0712C7E08F33 /* WireTypes.swift in Sources */ = {isa = PBXBuildFile; fileRef = E4BBA73E1E6F51136BE353F8 /* WireTypes.swift */; };
		A4DB56D6A317F23EDD0F95B6 /* DetouriOSVoiceCatalog.swift in Sources */ = {isa = PBXBuildFile; fileRef = B24D263DA93ED14FE87E85BD /* DetouriOSVoiceCatalog.swift */; };
		A5A5C04B0EA0D86DEF94D475 /* SwooshAPIClient.swift in Sources */ = {isa = PBXBuildFile; fileRef = 6042AED9CD4E38DEF3059BDD /* SwooshAPIClient.swift */; };
		A64E5140A26AF1D38D3579AE /* DetouriOSSpeechService.swift in Sources */ = {isa = PBXBuildFile; fileRef = C221BF28CA46976287FFDD0B /* DetouriOSSpeechService.swift */; };
		A827025251BAD35269241097 /* DetouriOSLiveSpeechRecognizer.swift in Sources */ = {isa = PBXBuildFile; fileRef = 72C2D9ABCB47E4811B58AAC9 /* DetouriOSLiveSpeechRecognizer.swift */; };
		AB0594645997E92EDE17BB7C /* DetourWindowConfigurator.swift in Sources */ = {isa = PBXBuildFile; fileRef = 37BB909539112EDB5CCD1A10 /* DetourWindowConfigurator.swift */; };
		AC38478016AEE94B264FCC90 /* DetourSpeechService.swift in Sources */ = {isa = PBXBuildFile; fileRef = C6338ADD5DB971FB116F23A0 /* DetourSpeechService.swift */; };
		B425E25FA47303FE3669CC6B /* DetourOnboardingContentView.swift in Sources */ = {isa = PBXBuildFile; fileRef = 61299C23146C8DA05028C158 /* DetourOnboardingContentView.swift */; };
		BDA3AEB56260B5F9BD3AEEB5 /* DetouriOSVoiceSettings.swift in Sources */ = {isa = PBXBuildFile; fileRef = 316BE53FA47C795DE1771343 /* DetouriOSVoiceSettings.swift */; };
		BE7EB31B8F8F672348C26290 /* DetourOmniVoiceDesktopRenderer.swift in Sources */ = {isa = PBXBuildFile; fileRef = 5CBBEF62E3694AFF9E512D98 /* DetourOmniVoiceDesktopRenderer.swift */; };
		BED65847D5D4380B0DEAC39A /* SwooshAPIClient+Skills.swift in Sources */ = {isa = PBXBuildFile; fileRef = B3FDF97B81DF7E0D60BDCC6A /* SwooshAPIClient+Skills.swift */; };
		C99DBDA511E8059AF9FB13ED /* SwooshAPIClient+Doctor.swift in Sources */ = {isa = PBXBuildFile; fileRef = 37B025FBB12591CB06FC19ED /* SwooshAPIClient+Doctor.swift */; };
		D8730A9A0D478612B9804D4A /* CachedExecutor.swift in Sources */ = {isa = PBXBuildFile; fileRef = 191EA7FD33C6D443FB73F2B3 /* CachedExecutor.swift */; };
		DBE92A23DA7A604A2FA4D825 /* SwooshAPIClient+Manifestations.swift in Sources */ = {isa = PBXBuildFile; fileRef = 054325916B6D77952D7C73D7 /* SwooshAPIClient+Manifestations.swift */; };
		DF80F1D41FCFF367A90FB932 /* WireTypes+Manifestations.swift in Sources */ = {isa = PBXBuildFile; fileRef = CF4E537DF1B7709F68F30EA2 /* WireTypes+Manifestations.swift */; };
		E2B165D918E64366D94C3DB0 /* SwooshAPIClient+Plugins.swift in Sources */ = {isa = PBXBuildFile; fileRef = A5793F0518B21084B7BF5DE7 /* SwooshAPIClient+Plugins.swift */; };
		E827714A651A09F2903002CE /* WireTypes+ChatAdapters.swift in Sources */ = {isa = PBXBuildFile; fileRef = EB324F9FA19495D844243A30 /* WireTypes+ChatAdapters.swift */; };
		E87EF1D805B14E234A7E77E3 /* SwooshAPIClient+MCP.swift in Sources */ = {isa = PBXBuildFile; fileRef = 795D2CA6EEEDA97717306B83 /* SwooshAPIClient+MCP.swift */; };
		EA3091CBFE0A0A89806BFC8D /* FluidAudio in Frameworks */ = {isa = PBXBuildFile; productRef = 9CEA1CB12BA0572CBEC69073 /* FluidAudio */; };
		F21BD365015886BA218A9752 /* DetouriOSPairing.swift in Sources */ = {isa = PBXBuildFile; fileRef = CCE400917D211EC51D7DF105 /* DetouriOSPairing.swift */; };
		F6F3CEC7621938AA04ABFB64 /* SwooshAPIClient+Cron.swift in Sources */ = {isa = PBXBuildFile; fileRef = 656E32AFB945940C01B6FE9C /* SwooshAPIClient+Cron.swift */; };
		FAF1F075EA49E4C5905E7F54 /* WireTypes+Records.swift in Sources */ = {isa = PBXBuildFile; fileRef = A3D22C48024B4BCD908EFF7C /* WireTypes+Records.swift */; };
		FB4ECE7ACC53FC2AD252E0E2 /* DetouriOSOnboardingStore.swift in Sources */ = {isa = PBXBuildFile; fileRef = 27E94B4D16C44A29AE492D33 /* DetouriOSOnboardingStore.swift */; };
		FBFA2235498A712CA3CD03B8 /* DetouriOSUserActivity.swift in Sources */ = {isa = PBXBuildFile; fileRef = 90E41BF29E5083622F0CEEAD /* DetouriOSUserActivity.swift */; };
		FDD8369B6E9EF9CBD3BE44EA /* DetourStateStore.swift in Sources */ = {isa = PBXBuildFile; fileRef = 1D25F8428B5F62E7722EB1F6 /* DetourStateStore.swift */; };
/* End PBXBuildFile section */

/* Begin PBXFileReference section */
		02DB720ACD211F31668F8A0A /* SwooshiOSApp.swift */ = {isa = PBXFileReference; lastKnownFileType = sourcecode.swift; path = SwooshiOSApp.swift; sourceTree = "<group>"; };
		02E4177731A337C27B533E2F /* DetourPairingSupport.swift */ = {isa = PBXFileReference; lastKnownFileType = sourcecode.swift; path = DetourPairingSupport.swift; sourceTree = "<group>"; };
		054325916B6D77952D7C73D7 /* SwooshAPIClient+Manifestations.swift */ = {isa = PBXFileReference; lastKnownFileType = sourcecode.swift; path = "SwooshAPIClient+Manifestations.swift"; sourceTree = "<group>"; };
		0BF0AA7C8A538C6F2E2312DF /* SwooshiOS.app */ = {isa = PBXFileReference; includeInIndex = 0; lastKnownFileType = wrapper.application; path = SwooshiOS.app; sourceTree = BUILT_PRODUCTS_DIR; };
		108B18565B3041CE14794F63 /* WireTypes+Firewall.swift */ = {isa = PBXFileReference; lastKnownFileType = sourcecode.swift; path = "WireTypes+Firewall.swift"; sourceTree = "<group>"; };
		11D14C6D6740014C8F7DDB8C /* WireTypes+Memories.swift */ = {isa = PBXFileReference; lastKnownFileType = sourcecode.swift; path = "WireTypes+Memories.swift"; sourceTree = "<group>"; };
		191EA7FD33C6D443FB73F2B3 /* CachedExecutor.swift */ = {isa = PBXFileReference; lastKnownFileType = sourcecode.swift; path = CachedExecutor.swift; sourceTree = "<group>"; };
		1D25F8428B5F62E7722EB1F6 /* DetourStateStore.swift */ = {isa = PBXFileReference; lastKnownFileType = sourcecode.swift; path = DetourStateStore.swift; sourceTree = "<group>"; };
		1F0857C7A87992CCDB8FC87C /* WireTypes+Wallet.swift */ = {isa = PBXFileReference; lastKnownFileType = sourcecode.swift; path = "WireTypes+Wallet.swift"; sourceTree = "<group>"; };
		27E94B4D16C44A29AE492D33 /* DetouriOSOnboardingStore.swift */ = {isa = PBXFileReference; lastKnownFileType = sourcecode.swift; path = DetouriOSOnboardingStore.swift; sourceTree = "<group>"; };
		28155BCA75E36F8802D3046D /* DetourVoiceEnrollmentRecorder.swift */ = {isa = PBXFileReference; lastKnownFileType = sourcecode.swift; path = DetourVoiceEnrollmentRecorder.swift; sourceTree = "<group>"; };
		2F969C44684023A1DC4A2746 /* WireTypes+Audit.swift */ = {isa = PBXFileReference; lastKnownFileType = sourcecode.swift; path = "WireTypes+Audit.swift"; sourceTree = "<group>"; };
		316BE53FA47C795DE1771343 /* DetouriOSVoiceSettings.swift */ = {isa = PBXFileReference; lastKnownFileType = sourcecode.swift; path = DetouriOSVoiceSettings.swift; sourceTree = "<group>"; };
		343C5191FC71C48190B03979 /* Swoosh.app */ = {isa = PBXFileReference; explicitFileType = wrapper.application; includeInIndex = 0; path = Swoosh.app; sourceTree = BUILT_PRODUCTS_DIR; };
		37B025FBB12591CB06FC19ED /* SwooshAPIClient+Doctor.swift */ = {isa = PBXFileReference; lastKnownFileType = sourcecode.swift; path = "SwooshAPIClient+Doctor.swift"; sourceTree = "<group>"; };
		37BB909539112EDB5CCD1A10 /* DetourWindowConfigurator.swift */ = {isa = PBXFileReference; lastKnownFileType = sourcecode.swift; path = DetourWindowConfigurator.swift; sourceTree = "<group>"; };
		38763004410C7B534DD827D5 /* DetouriOSStateStore.swift */ = {isa = PBXFileReference; lastKnownFileType = sourcecode.swift; path = DetouriOSStateStore.swift; sourceTree = "<group>"; };
		3EE5A869C94D741A58052EDD /* DetourPairingWebServer.swift */ = {isa = PBXFileReference; lastKnownFileType = sourcecode.swift; path = DetourPairingWebServer.swift; sourceTree = "<group>"; };
		4381E41C31545D3203A7B61A /* SwooshExecutor.swift */ = {isa = PBXFileReference; lastKnownFileType = sourcecode.swift; path = SwooshExecutor.swift; sourceTree = "<group>"; };
		43A4A544D0958D670BF082AE /* OfflineMessageCache.swift */ = {isa = PBXFileReference; lastKnownFileType = sourcecode.swift; path = OfflineMessageCache.swift; sourceTree = "<group>"; };
		452063C76A7A13EBAF8AF9A9 /* WireTypes+Board.swift */ = {isa = PBXFileReference; lastKnownFileType = sourcecode.swift; path = "WireTypes+Board.swift"; sourceTree = "<group>"; };
		456C853B7FCF3879F3252E77 /* DetourOnboardingNativeView.swift */ = {isa = PBXFileReference; lastKnownFileType = sourcecode.swift; path = DetourOnboardingNativeView.swift; sourceTree = "<group>"; };
		4D40B756B103935DA8259744 /* SwooshAPIClient+Tools.swift */ = {isa = PBXFileReference; lastKnownFileType = sourcecode.swift; path = "SwooshAPIClient+Tools.swift"; sourceTree = "<group>"; };
		5054F477CEE22F5FE361C606 /* SwooshAPIClient+Memories.swift */ = {isa = PBXFileReference; lastKnownFileType = sourcecode.swift; path = "SwooshAPIClient+Memories.swift"; sourceTree = "<group>"; };
		59FF964FEFDFC98C86EAD029 /* SwooshAPIClient+Wallet.swift */ = {isa = PBXFileReference; lastKnownFileType = sourcecode.swift; path = "SwooshAPIClient+Wallet.swift"; sourceTree = "<group>"; };
		5B0C7B1D63F4E49750C60E09 /* DetouriOSVoiceEnrollmentRecorder.swift */ = {isa = PBXFileReference; lastKnownFileType = sourcecode.swift; path = DetouriOSVoiceEnrollmentRecorder.swift; sourceTree = "<group>"; };
		5CBBEF62E3694AFF9E512D98 /* DetourOmniVoiceDesktopRenderer.swift */ = {isa = PBXFileReference; lastKnownFileType = sourcecode.swift; path = DetourOmniVoiceDesktopRenderer.swift; sourceTree = "<group>"; };
		6042AED9CD4E38DEF3059BDD /* SwooshAPIClient.swift */ = {isa = PBXFileReference; lastKnownFileType = sourcecode.swift; path = SwooshAPIClient.swift; sourceTree = "<group>"; };
		61299C23146C8DA05028C158 /* DetourOnboardingContentView.swift */ = {isa = PBXFileReference; lastKnownFileType = sourcecode.swift; path = DetourOnboardingContentView.swift; sourceTree = "<group>"; };
		656E32AFB945940C01B6FE9C /* SwooshAPIClient+Cron.swift */ = {isa = PBXFileReference; lastKnownFileType = sourcecode.swift; path = "SwooshAPIClient+Cron.swift"; sourceTree = "<group>"; };
		65C21CB3391B764F9164DEE1 /* WireTypes+Doctor.swift */ = {isa = PBXFileReference; lastKnownFileType = sourcecode.swift; path = "WireTypes+Doctor.swift"; sourceTree = "<group>"; };
		71104E50E6A707890C152009 /* DetourPaths.swift */ = {isa = PBXFileReference; lastKnownFileType = sourcecode.swift; path = DetourPaths.swift; sourceTree = "<group>"; };
		72C2D9ABCB47E4811B58AAC9 /* DetouriOSLiveSpeechRecognizer.swift */ = {isa = PBXFileReference; lastKnownFileType = sourcecode.swift; path = DetouriOSLiveSpeechRecognizer.swift; sourceTree = "<group>"; };
		795D2CA6EEEDA97717306B83 /* SwooshAPIClient+MCP.swift */ = {isa = PBXFileReference; lastKnownFileType = sourcecode.swift; path = "SwooshAPIClient+MCP.swift"; sourceTree = "<group>"; };
		7AE2D253FC592A9CCA4DD3C1 /* DetourNativeVoiceCatalog.swift */ = {isa = PBXFileReference; lastKnownFileType = sourcecode.swift; path = DetourNativeVoiceCatalog.swift; sourceTree = "<group>"; };
		7FE9C3F93442AD30502259B6 /* WireTypes+Skills.swift */ = {isa = PBXFileReference; lastKnownFileType = sourcecode.swift; path = "WireTypes+Skills.swift"; sourceTree = "<group>"; };
		8D0815EE890A1BB7389673F4 /* SwooshAPIClient+Firewall.swift */ = {isa = PBXFileReference; lastKnownFileType = sourcecode.swift; path = "SwooshAPIClient+Firewall.swift"; sourceTree = "<group>"; };
		8FA037957996BC661FC50825 /* SwooshAPIClient+Goals.swift */ = {isa = PBXFileReference; lastKnownFileType = sourcecode.swift; path = "SwooshAPIClient+Goals.swift"; sourceTree = "<group>"; };
		90E41BF29E5083622F0CEEAD /* DetouriOSUserActivity.swift */ = {isa = PBXFileReference; lastKnownFileType = sourcecode.swift; path = DetouriOSUserActivity.swift; sourceTree = "<group>"; };
		9515F6EF3F4DB22F101BD0B5 /* DetourIOSInstaller.swift */ = {isa = PBXFileReference; lastKnownFileType = sourcecode.swift; path = DetourIOSInstaller.swift; sourceTree = "<group>"; };
		A3D22C48024B4BCD908EFF7C /* WireTypes+Records.swift */ = {isa = PBXFileReference; lastKnownFileType = sourcecode.swift; path = "WireTypes+Records.swift"; sourceTree = "<group>"; };
		A5793F0518B21084B7BF5DE7 /* SwooshAPIClient+Plugins.swift */ = {isa = PBXFileReference; lastKnownFileType = sourcecode.swift; path = "SwooshAPIClient+Plugins.swift"; sourceTree = "<group>"; };
		B24D263DA93ED14FE87E85BD /* DetouriOSVoiceCatalog.swift */ = {isa = PBXFileReference; lastKnownFileType = sourcecode.swift; path = DetouriOSVoiceCatalog.swift; sourceTree = "<group>"; };
		B3FDF97B81DF7E0D60BDCC6A /* SwooshAPIClient+Skills.swift */ = {isa = PBXFileReference; lastKnownFileType = sourcecode.swift; path = "SwooshAPIClient+Skills.swift"; sourceTree = "<group>"; };
		B69E6E24B3BF57DB5C605A6C /* OnboardingStore.swift */ = {isa = PBXFileReference; lastKnownFileType = sourcecode.swift; path = OnboardingStore.swift; sourceTree = "<group>"; };
		B9F07549CBA3A3486A3FD22E /* DetourLiveSpeechRecognizer.swift */ = {isa = PBXFileReference; lastKnownFileType = sourcecode.swift; path = DetourLiveSpeechRecognizer.swift; sourceTree = "<group>"; };
		BEEBDD612462E37F1E50792A /* WireTypes+Launchpads.swift */ = {isa = PBXFileReference; lastKnownFileType = sourcecode.swift; path = "WireTypes+Launchpads.swift"; sourceTree = "<group>"; };
		C020739AC89216898E2C28A6 /* TokenStore.swift */ = {isa = PBXFileReference; lastKnownFileType = sourcecode.swift; path = TokenStore.swift; sourceTree = "<group>"; };
		C0DA0AF742491E7D0ECD25C7 /* DetourMacApp.swift */ = {isa = PBXFileReference; lastKnownFileType = sourcecode.swift; path = DetourMacApp.swift; sourceTree = "<group>"; };
		C221BF28CA46976287FFDD0B /* DetouriOSSpeechService.swift */ = {isa = PBXFileReference; lastKnownFileType = sourcecode.swift; path = DetouriOSSpeechService.swift; sourceTree = "<group>"; };
		C6338ADD5DB971FB116F23A0 /* DetourSpeechService.swift */ = {isa = PBXFileReference; lastKnownFileType = sourcecode.swift; path = DetourSpeechService.swift; sourceTree = "<group>"; };
		C8E5CAA92D06BE4A4D6425C8 /* WireTypes+Goals.swift */ = {isa = PBXFileReference; lastKnownFileType = sourcecode.swift; path = "WireTypes+Goals.swift"; sourceTree = "<group>"; };
		CCE400917D211EC51D7DF105 /* DetouriOSPairing.swift */ = {isa = PBXFileReference; lastKnownFileType = sourcecode.swift; path = DetouriOSPairing.swift; sourceTree = "<group>"; };
		CF4E537DF1B7709F68F30EA2 /* WireTypes+Manifestations.swift */ = {isa = PBXFileReference; lastKnownFileType = sourcecode.swift; path = "WireTypes+Manifestations.swift"; sourceTree = "<group>"; };
		D372D34B635C1C9277704647 /* WireTypes+Cron.swift */ = {isa = PBXFileReference; lastKnownFileType = sourcecode.swift; path = "WireTypes+Cron.swift"; sourceTree = "<group>"; };
		E1C7AA2E2F507D88558C8D12 /* Info.plist */ = {isa = PBXFileReference; lastKnownFileType = text.plist; path = Info.plist; sourceTree = "<group>"; };
		E1EB5C827DDFBBDA046F8CCA /* WireTypes+Tools.swift */ = {isa = PBXFileReference; lastKnownFileType = sourcecode.swift; path = "WireTypes+Tools.swift"; sourceTree = "<group>"; };
		E289A6E9B417AE349F5101E8 /* WireTypes+MCP.swift */ = {isa = PBXFileReference; lastKnownFileType = sourcecode.swift; path = "WireTypes+MCP.swift"; sourceTree = "<group>"; };
		E4BBA73E1E6F51136BE353F8 /* WireTypes.swift */ = {isa = PBXFileReference; lastKnownFileType = sourcecode.swift; path = WireTypes.swift; sourceTree = "<group>"; };
		E6B22165ABF0F08BEDC45560 /* DetourDeviceDiscovery.swift */ = {isa = PBXFileReference; lastKnownFileType = sourcecode.swift; path = DetourDeviceDiscovery.swift; sourceTree = "<group>"; };
		E6E0D0C4F33919F65DAE8E41 /* WireTypes+Runtime.swift */ = {isa = PBXFileReference; lastKnownFileType = sourcecode.swift; path = "WireTypes+Runtime.swift"; sourceTree = "<group>"; };
		E7D7904EAA529FD402D74E5D /* WireTypes+Providers.swift */ = {isa = PBXFileReference; lastKnownFileType = sourcecode.swift; path = "WireTypes+Providers.swift"; sourceTree = "<group>"; };
		EB324F9FA19495D844243A30 /* WireTypes+ChatAdapters.swift */ = {isa = PBXFileReference; lastKnownFileType = sourcecode.swift; path = "WireTypes+ChatAdapters.swift"; sourceTree = "<group>"; };
		F5ADB55F731CC92FBA3B7C9D /* DetouriOSOnboardingView.swift */ = {isa = PBXFileReference; lastKnownFileType = sourcecode.swift; path = DetouriOSOnboardingView.swift; sourceTree = "<group>"; };
		FA2A739687BA2BF11782B013 /* WireTypes+Plugins.swift */ = {isa = PBXFileReference; lastKnownFileType = sourcecode.swift; path = "WireTypes+Plugins.swift"; sourceTree = "<group>"; };
/* End PBXFileReference section */

/* Begin PBXFrameworksBuildPhase section */
		6C7372F16C09C125B34951E8 /* Frameworks */ = {
			isa = PBXFrameworksBuildPhase;
			buildActionMask = 2147483647;
			files = (
				EA3091CBFE0A0A89806BFC8D /* FluidAudio in Frameworks */,
			);
			runOnlyForDeploymentPostprocessing = 0;
		};
/* End PBXFrameworksBuildPhase section */

/* Begin PBXGroup section */
		259B725A88850C120F5D47E0 /* App */ = {
			isa = PBXGroup;
			children = (
				A31458E6A485913A03232DB3 /* Onboarding */,
				F21A38DF5E30EFD5E1E3D12C /* Support */,
				C0DA0AF742491E7D0ECD25C7 /* DetourMacApp.swift */,
			);
			path = App;
			sourceTree = "<group>";
		};
		387AA0C01093A3E091398435 /* Products */ = {
			isa = PBXGroup;
			children = (
				343C5191FC71C48190B03979 /* Swoosh.app */,
				0BF0AA7C8A538C6F2E2312DF /* SwooshiOS.app */,
			);
			name = Products;
			sourceTree = "<group>";
		};
		3A28E3D5716DDC769F9323AF /* SwooshiOS */ = {
			isa = PBXGroup;
			children = (
				72C2D9ABCB47E4811B58AAC9 /* DetouriOSLiveSpeechRecognizer.swift */,
				27E94B4D16C44A29AE492D33 /* DetouriOSOnboardingStore.swift */,
				F5ADB55F731CC92FBA3B7C9D /* DetouriOSOnboardingView.swift */,
				CCE400917D211EC51D7DF105 /* DetouriOSPairing.swift */,
				C221BF28CA46976287FFDD0B /* DetouriOSSpeechService.swift */,
				38763004410C7B534DD827D5 /* DetouriOSStateStore.swift */,
				90E41BF29E5083622F0CEEAD /* DetouriOSUserActivity.swift */,
				B24D263DA93ED14FE87E85BD /* DetouriOSVoiceCatalog.swift */,
				5B0C7B1D63F4E49750C60E09 /* DetouriOSVoiceEnrollmentRecorder.swift */,
				316BE53FA47C795DE1771343 /* DetouriOSVoiceSettings.swift */,
				E1C7AA2E2F507D88558C8D12 /* Info.plist */,
				02DB720ACD211F31668F8A0A /* SwooshiOSApp.swift */,
			);
			path = SwooshiOS;
			sourceTree = "<group>";
		};
		4B0B92C73DC912BBB0706CCE /* Sources */ = {
			isa = PBXGroup;
			children = (
				83A78B1BC0E34DDD2097EEBD /* SwooshClient */,
			);
			path = Sources;
			sourceTree = "<group>";
		};
		4CA80AB5FE08310653E98C5B /* Apps */ = {
			isa = PBXGroup;
			children = (
				3A28E3D5716DDC769F9323AF /* SwooshiOS */,
			);
			path = Apps;
			sourceTree = "<group>";
		};
		83A78B1BC0E34DDD2097EEBD /* SwooshClient */ = {
			isa = PBXGroup;
			children = (
				191EA7FD33C6D443FB73F2B3 /* CachedExecutor.swift */,
				43A4A544D0958D670BF082AE /* OfflineMessageCache.swift */,
				6042AED9CD4E38DEF3059BDD /* SwooshAPIClient.swift */,
				656E32AFB945940C01B6FE9C /* SwooshAPIClient+Cron.swift */,
				37B025FBB12591CB06FC19ED /* SwooshAPIClient+Doctor.swift */,
				8D0815EE890A1BB7389673F4 /* SwooshAPIClient+Firewall.swift */,
				8FA037957996BC661FC50825 /* SwooshAPIClient+Goals.swift */,
				054325916B6D77952D7C73D7 /* SwooshAPIClient+Manifestations.swift */,
				795D2CA6EEEDA97717306B83 /* SwooshAPIClient+MCP.swift */,
				5054F477CEE22F5FE361C606 /* SwooshAPIClient+Memories.swift */,
				A5793F0518B21084B7BF5DE7 /* SwooshAPIClient+Plugins.swift */,
				B3FDF97B81DF7E0D60BDCC6A /* SwooshAPIClient+Skills.swift */,
				4D40B756B103935DA8259744 /* SwooshAPIClient+Tools.swift */,
				59FF964FEFDFC98C86EAD029 /* SwooshAPIClient+Wallet.swift */,
				4381E41C31545D3203A7B61A /* SwooshExecutor.swift */,
				C020739AC89216898E2C28A6 /* TokenStore.swift */,
				E4BBA73E1E6F51136BE353F8 /* WireTypes.swift */,
				2F969C44684023A1DC4A2746 /* WireTypes+Audit.swift */,
				452063C76A7A13EBAF8AF9A9 /* WireTypes+Board.swift */,
				EB324F9FA19495D844243A30 /* WireTypes+ChatAdapters.swift */,
				D372D34B635C1C9277704647 /* WireTypes+Cron.swift */,
				65C21CB3391B764F9164DEE1 /* WireTypes+Doctor.swift */,
				108B18565B3041CE14794F63 /* WireTypes+Firewall.swift */,
				C8E5CAA92D06BE4A4D6425C8 /* WireTypes+Goals.swift */,
				BEEBDD612462E37F1E50792A /* WireTypes+Launchpads.swift */,
				CF4E537DF1B7709F68F30EA2 /* WireTypes+Manifestations.swift */,
				E289A6E9B417AE349F5101E8 /* WireTypes+MCP.swift */,
				11D14C6D6740014C8F7DDB8C /* WireTypes+Memories.swift */,
				FA2A739687BA2BF11782B013 /* WireTypes+Plugins.swift */,
				E7D7904EAA529FD402D74E5D /* WireTypes+Providers.swift */,
				A3D22C48024B4BCD908EFF7C /* WireTypes+Records.swift */,
				E6E0D0C4F33919F65DAE8E41 /* WireTypes+Runtime.swift */,
				7FE9C3F93442AD30502259B6 /* WireTypes+Skills.swift */,
				E1EB5C827DDFBBDA046F8CCA /* WireTypes+Tools.swift */,
				1F0857C7A87992CCDB8FC87C /* WireTypes+Wallet.swift */,
			);
			path = SwooshClient;
			sourceTree = "<group>";
		};
		A31458E6A485913A03232DB3 /* Onboarding */ = {
			isa = PBXGroup;
			children = (
				B9F07549CBA3A3486A3FD22E /* DetourLiveSpeechRecognizer.swift */,
				5CBBEF62E3694AFF9E512D98 /* DetourOmniVoiceDesktopRenderer.swift */,
				61299C23146C8DA05028C158 /* DetourOnboardingContentView.swift */,
				456C853B7FCF3879F3252E77 /* DetourOnboardingNativeView.swift */,
				C6338ADD5DB971FB116F23A0 /* DetourSpeechService.swift */,
				28155BCA75E36F8802D3046D /* DetourVoiceEnrollmentRecorder.swift */,
				37BB909539112EDB5CCD1A10 /* DetourWindowConfigurator.swift */,
				B69E6E24B3BF57DB5C605A6C /* OnboardingStore.swift */,
			);
			path = Onboarding;
			sourceTree = "<group>";
		};
		F21A38DF5E30EFD5E1E3D12C /* Support */ = {
			isa = PBXGroup;
			children = (
				E6B22165ABF0F08BEDC45560 /* DetourDeviceDiscovery.swift */,
				9515F6EF3F4DB22F101BD0B5 /* DetourIOSInstaller.swift */,
				7AE2D253FC592A9CCA4DD3C1 /* DetourNativeVoiceCatalog.swift */,
				02E4177731A337C27B533E2F /* DetourPairingSupport.swift */,
				3EE5A869C94D741A58052EDD /* DetourPairingWebServer.swift */,
				71104E50E6A707890C152009 /* DetourPaths.swift */,
				1D25F8428B5F62E7722EB1F6 /* DetourStateStore.swift */,
			);
			path = Support;
			sourceTree = "<group>";
		};
		FA51635871AE63F1C3C16EE9 = {
			isa = PBXGroup;
			children = (
				259B725A88850C120F5D47E0 /* App */,
				4CA80AB5FE08310653E98C5B /* Apps */,
				4B0B92C73DC912BBB0706CCE /* Sources */,
				387AA0C01093A3E091398435 /* Products */,
			);
			sourceTree = "<group>";
		};
/* End PBXGroup section */

/* Begin PBXNativeTarget section */
		81E371466FD526039B58885E /* SwooshiOS */ = {
			isa = PBXNativeTarget;
			buildConfigurationList = 90EF32ED6D99B8B4177EB046 /* Build configuration list for PBXNativeTarget "SwooshiOS" */;
			buildPhases = (
				7E3D01D2AE967AA5FB3858FD /* Sources */,
				6C7372F16C09C125B34951E8 /* Frameworks */,
			);
			buildRules = (
			);
			dependencies = (
			);
			name = SwooshiOS;
			packageProductDependencies = (
				9CEA1CB12BA0572CBEC69073 /* FluidAudio */,
			);
			productName = SwooshiOS;
			productReference = 0BF0AA7C8A538C6F2E2312DF /* SwooshiOS.app */;
			productType = "com.apple.product-type.application";
		};
		AB245C790549F68851E545BF /* Swoosh */ = {
			isa = PBXNativeTarget;
			buildConfigurationList = 8E3CAB43F0C731D4DDC5F084 /* Build configuration list for PBXNativeTarget "Swoosh" */;
			buildPhases = (
				FD61F42DE11D9C0A0E9AD96A /* Sources */,
			);
			buildRules = (
			);
			dependencies = (
			);
			name = Swoosh;
			packageProductDependencies = (
			);
			productName = Swoosh;
			productReference = 343C5191FC71C48190B03979 /* Swoosh.app */;
			productType = "com.apple.product-type.application";
		};
/* End PBXNativeTarget section */

/* Begin PBXProject section */
		9EE6AE9D62B611C001EEED87 /* Project object */ = {
			isa = PBXProject;
			attributes = {
				BuildIndependentTargetsInParallel = YES;
				LastUpgradeCheck = 2600;
				TargetAttributes = {
					81E371466FD526039B58885E = {
						DevelopmentTeam = GY5597YK9P;
						ProvisioningStyle = Automatic;
					};
					AB245C790549F68851E545BF = {
						DevelopmentTeam = GY5597YK9P;
						ProvisioningStyle = Automatic;
					};
				};
			};
			buildConfigurationList = 951DB30C469DAD2C0B97F0D0 /* Build configuration list for PBXProject "Swoosh" */;
			developmentRegion = en;
			hasScannedForEncodings = 0;
			knownRegions = (
				Base,
				en,
			);
			mainGroup = FA51635871AE63F1C3C16EE9;
			minimizedProjectReferenceProxies = 1;
			packageReferences = (
				09A865B5F47AF35F6D6AAE2C /* XCRemoteSwiftPackageReference "FluidAudio" */,
			);
			preferredProjectObjectVersion = 77;
			productRefGroup = 387AA0C01093A3E091398435 /* Products */;
			projectDirPath = "";
			projectRoot = "";
			targets = (
				AB245C790549F68851E545BF /* Swoosh */,
				81E371466FD526039B58885E /* SwooshiOS */,
			);
		};
/* End PBXProject section */

/* Begin PBXSourcesBuildPhase section */
		7E3D01D2AE967AA5FB3858FD /* Sources */ = {
			isa = PBXSourcesBuildPhase;
			buildActionMask = 2147483647;
			files = (
				D8730A9A0D478612B9804D4A /* CachedExecutor.swift in Sources */,
				A827025251BAD35269241097 /* DetouriOSLiveSpeechRecognizer.swift in Sources */,
				FB4ECE7ACC53FC2AD252E0E2 /* DetouriOSOnboardingStore.swift in Sources */,
				98172BE2CBA96AF9F7A0CDB8 /* DetouriOSOnboardingView.swift in Sources */,
				F21BD365015886BA218A9752 /* DetouriOSPairing.swift in Sources */,
				A64E5140A26AF1D38D3579AE /* DetouriOSSpeechService.swift in Sources */,
				69716793A39856E8495A06AC /* DetouriOSStateStore.swift in Sources */,
				FBFA2235498A712CA3CD03B8 /* DetouriOSUserActivity.swift in Sources */,
				A4DB56D6A317F23EDD0F95B6 /* DetouriOSVoiceCatalog.swift in Sources */,
				68AB21B4706B15EE08A73735 /* DetouriOSVoiceEnrollmentRecorder.swift in Sources */,
				BDA3AEB56260B5F9BD3AEEB5 /* DetouriOSVoiceSettings.swift in Sources */,
				4D7010F62A6848EA84F47BD5 /* OfflineMessageCache.swift in Sources */,
				F6F3CEC7621938AA04ABFB64 /* SwooshAPIClient+Cron.swift in Sources */,
				C99DBDA511E8059AF9FB13ED /* SwooshAPIClient+Doctor.swift in Sources */,
				0CFB0509B33CF3276A513EA1 /* SwooshAPIClient+Firewall.swift in Sources */,
				4E511F5548207D9BECB7BCC5 /* SwooshAPIClient+Goals.swift in Sources */,
				E87EF1D805B14E234A7E77E3 /* SwooshAPIClient+MCP.swift in Sources */,
				DBE92A23DA7A604A2FA4D825 /* SwooshAPIClient+Manifestations.swift in Sources */,
				019D346A654745C266CB4FD5 /* SwooshAPIClient+Memories.swift in Sources */,
				E2B165D918E64366D94C3DB0 /* SwooshAPIClient+Plugins.swift in Sources */,
				BED65847D5D4380B0DEAC39A /* SwooshAPIClient+Skills.swift in Sources */,
				8C9F42C6A49DD76713C0827E /* SwooshAPIClient+Tools.swift in Sources */,
				4958D912632ED426994F98CB /* SwooshAPIClient+Wallet.swift in Sources */,
				A5A5C04B0EA0D86DEF94D475 /* SwooshAPIClient.swift in Sources */,
				25E2F54B36443AAD87839F4D /* SwooshExecutor.swift in Sources */,
				3F643D8B3F106C244C2CE5CD /* SwooshiOSApp.swift in Sources */,
				64B5CE964C17795A354E41F0 /* TokenStore.swift in Sources */,
				62B5D2660755BABFB58174AD /* WireTypes+Audit.swift in Sources */,
				034A03C4B406951A54BAA529 /* WireTypes+Board.swift in Sources */,
				E827714A651A09F2903002CE /* WireTypes+ChatAdapters.swift in Sources */,
				92157E83EC60F1802588C24E /* WireTypes+Cron.swift in Sources */,
				34B7D047DDD04FAA58A73BC7 /* WireTypes+Doctor.swift in Sources */,
				7BC085DB9CA3C089CC63FAAE /* WireTypes+Firewall.swift in Sources */,
				572052A68DA0E9ECE81AAE9A /* WireTypes+Goals.swift in Sources */,
				45B67B13D157736CF44AD1E5 /* WireTypes+Launchpads.swift in Sources */,
				4A488EF43B0A06E3D3E669F3 /* WireTypes+MCP.swift in Sources */,
				DF80F1D41FCFF367A90FB932 /* WireTypes+Manifestations.swift in Sources */,
				450A04CCA57D8C7AA4AAD60D /* WireTypes+Memories.swift in Sources */,
				4F751D6D47EFB1F629E9F723 /* WireTypes+Plugins.swift in Sources */,
				22E1EBC1A41C15D7E3A2A01F /* WireTypes+Providers.swift in Sources */,
				FAF1F075EA49E4C5905E7F54 /* WireTypes+Records.swift in Sources */,
				2995947327AE08527D8BD041 /* WireTypes+Runtime.swift in Sources */,
				7FDB88D8E98C2277407176CA /* WireTypes+Skills.swift in Sources */,
				84145A5C28E3CE894C154571 /* WireTypes+Tools.swift in Sources */,
				2E4B62404441D73921EA8C80 /* WireTypes+Wallet.swift in Sources */,
				999E40ACFEDC0712C7E08F33 /* WireTypes.swift in Sources */,
			);
			runOnlyForDeploymentPostprocessing = 0;
		};
		FD61F42DE11D9C0A0E9AD96A /* Sources */ = {
			isa = PBXSourcesBuildPhase;
			buildActionMask = 2147483647;
			files = (
				8CC8ACF49B02843CB49EA935 /* DetourDeviceDiscovery.swift in Sources */,
				03B16E818A01105B47A42699 /* DetourIOSInstaller.swift in Sources */,
				8EC85ADAB074B3F4C188C4F5 /* DetourLiveSpeechRecognizer.swift in Sources */,
				81266A0E6BBA8505009805A0 /* DetourMacApp.swift in Sources */,
				5AFC466E0C70966C1DB72F29 /* DetourNativeVoiceCatalog.swift in Sources */,
				BE7EB31B8F8F672348C26290 /* DetourOmniVoiceDesktopRenderer.swift in Sources */,
				B425E25FA47303FE3669CC6B /* DetourOnboardingContentView.swift in Sources */,
				180B8347724F5514D8971C7C /* DetourOnboardingNativeView.swift in Sources */,
				2EF2FDBDE1BBBBE29D4A2AF6 /* DetourPairingSupport.swift in Sources */,
				790B29D9C2959E08140052E2 /* DetourPairingWebServer.swift in Sources */,
				91CA6973398A151FEAAED214 /* DetourPaths.swift in Sources */,
				AC38478016AEE94B264FCC90 /* DetourSpeechService.swift in Sources */,
				FDD8369B6E9EF9CBD3BE44EA /* DetourStateStore.swift in Sources */,
				4B223E57521BA1BE4345B7A5 /* DetourVoiceEnrollmentRecorder.swift in Sources */,
				AB0594645997E92EDE17BB7C /* DetourWindowConfigurator.swift in Sources */,
				91DF622A50605543262DCBC0 /* OnboardingStore.swift in Sources */,
			);
			runOnlyForDeploymentPostprocessing = 0;
		};
/* End PBXSourcesBuildPhase section */

/* Begin XCBuildConfiguration section */
		35ACBFB97B75517A0998F6A6 /* Release */ = {
			isa = XCBuildConfiguration;
			buildSettings = {
				ALWAYS_SEARCH_USER_PATHS = NO;
				CLANG_ANALYZER_NONNULL = YES;
				CLANG_ANALYZER_NUMBER_OBJECT_CONVERSION = YES_AGGRESSIVE;
				CLANG_CXX_LANGUAGE_STANDARD = "gnu++14";
				CLANG_CXX_LIBRARY = "libc++";
				CLANG_ENABLE_MODULES = YES;
				CLANG_ENABLE_OBJC_ARC = YES;
				CLANG_ENABLE_OBJC_WEAK = YES;
				CLANG_WARN_BLOCK_CAPTURE_AUTORELEASING = YES;
				CLANG_WARN_BOOL_CONVERSION = YES;
				CLANG_WARN_COMMA = YES;
				CLANG_WARN_CONSTANT_CONVERSION = YES;
				CLANG_WARN_DEPRECATED_OBJC_IMPLEMENTATIONS = YES;
				CLANG_WARN_DIRECT_OBJC_ISA_USAGE = YES_ERROR;
				CLANG_WARN_DOCUMENTATION_COMMENTS = YES;
				CLANG_WARN_EMPTY_BODY = YES;
				CLANG_WARN_ENUM_CONVERSION = YES;
				CLANG_WARN_INFINITE_RECURSION = YES;
				CLANG_WARN_INT_CONVERSION = YES;
				CLANG_WARN_NON_LITERAL_NULL_CONVERSION = YES;
				CLANG_WARN_OBJC_IMPLICIT_RETAIN_SELF = YES;
				CLANG_WARN_OBJC_LITERAL_CONVERSION = YES;
				CLANG_WARN_OBJC_ROOT_CLASS = YES_ERROR;
				CLANG_WARN_QUOTED_INCLUDE_IN_FRAMEWORK_HEADER = YES;
				CLANG_WARN_RANGE_LOOP_ANALYSIS = YES;
				CLANG_WARN_STRICT_PROTOTYPES = YES;
				CLANG_WARN_SUSPICIOUS_MOVE = YES;
				CLANG_WARN_UNGUARDED_AVAILABILITY = YES_AGGRESSIVE;
				CLANG_WARN_UNREACHABLE_CODE = YES;
				CLANG_WARN__DUPLICATE_METHOD_MATCH = YES;
				CODE_SIGN_STYLE = Automatic;
				COPY_PHASE_STRIP = NO;
				CURRENT_PROJECT_VERSION = 1;
				DEBUG_INFORMATION_FORMAT = "dwarf-with-dsym";
				DEVELOPMENT_TEAM = GY5597YK9P;
				ENABLE_APP_SANDBOX = NO;
				ENABLE_NS_ASSERTIONS = NO;
				ENABLE_STRICT_OBJC_MSGSEND = YES;
				GCC_C_LANGUAGE_STANDARD = gnu11;
				GCC_NO_COMMON_BLOCKS = YES;
				GCC_WARN_64_TO_32_BIT_CONVERSION = YES;
				GCC_WARN_ABOUT_RETURN_TYPE = YES_ERROR;
				GCC_WARN_UNDECLARED_SELECTOR = YES;
				GCC_WARN_UNINITIALIZED_AUTOS = YES_AGGRESSIVE;
				GCC_WARN_UNUSED_FUNCTION = YES;
				GCC_WARN_UNUSED_VARIABLE = YES;
				IPHONEOS_DEPLOYMENT_TARGET = 26.0;
				MACOSX_DEPLOYMENT_TARGET = 26.0;
				MARKETING_VERSION = 0.5;
				MTL_ENABLE_DEBUG_INFO = NO;
				MTL_FAST_MATH = YES;
				PRODUCT_BUNDLE_IDENTIFIER = "ai.swoosh.$(PRODUCT_NAME:rfc1034identifier)";
				PRODUCT_NAME = "$(TARGET_NAME)";
				SWIFT_COMPILATION_MODE = wholemodule;
				SWIFT_OPTIMIZATION_LEVEL = "-O";
				SWIFT_VERSION = 6.3;
			};
			name = Release;
		};
		4ED70CD451323A9CF452E21F /* Debug */ = {
			isa = XCBuildConfiguration;
			buildSettings = {
				ALWAYS_SEARCH_USER_PATHS = NO;
				CLANG_ANALYZER_NONNULL = YES;
				CLANG_ANALYZER_NUMBER_OBJECT_CONVERSION = YES_AGGRESSIVE;
				CLANG_CXX_LANGUAGE_STANDARD = "gnu++14";
				CLANG_CXX_LIBRARY = "libc++";
				CLANG_ENABLE_MODULES = YES;
				CLANG_ENABLE_OBJC_ARC = YES;
				CLANG_ENABLE_OBJC_WEAK = YES;
				CLANG_WARN_BLOCK_CAPTURE_AUTORELEASING = YES;
				CLANG_WARN_BOOL_CONVERSION = YES;
				CLANG_WARN_COMMA = YES;
				CLANG_WARN_CONSTANT_CONVERSION = YES;
				CLANG_WARN_DEPRECATED_OBJC_IMPLEMENTATIONS = YES;
				CLANG_WARN_DIRECT_OBJC_ISA_USAGE = YES_ERROR;
				CLANG_WARN_DOCUMENTATION_COMMENTS = YES;
				CLANG_WARN_EMPTY_BODY = YES;
				CLANG_WARN_ENUM_CONVERSION = YES;
				CLANG_WARN_INFINITE_RECURSION = YES;
				CLANG_WARN_INT_CONVERSION = YES;
				CLANG_WARN_NON_LITERAL_NULL_CONVERSION = YES;
				CLANG_WARN_OBJC_IMPLICIT_RETAIN_SELF = YES;
				CLANG_WARN_OBJC_LITERAL_CONVERSION = YES;
				CLANG_WARN_OBJC_ROOT_CLASS = YES_ERROR;
				CLANG_WARN_QUOTED_INCLUDE_IN_FRAMEWORK_HEADER = YES;
				CLANG_WARN_RANGE_LOOP_ANALYSIS = YES;
				CLANG_WARN_STRICT_PROTOTYPES = YES;
				CLANG_WARN_SUSPICIOUS_MOVE = YES;
				CLANG_WARN_UNGUARDED_AVAILABILITY = YES_AGGRESSIVE;
				CLANG_WARN_UNREACHABLE_CODE = YES;
				CLANG_WARN__DUPLICATE_METHOD_MATCH = YES;
				CODE_SIGN_STYLE = Automatic;
				COPY_PHASE_STRIP = NO;
				CURRENT_PROJECT_VERSION = 1;
				DEBUG_INFORMATION_FORMAT = dwarf;
				DEVELOPMENT_TEAM = GY5597YK9P;
				ENABLE_APP_SANDBOX = NO;
				ENABLE_STRICT_OBJC_MSGSEND = YES;
				ENABLE_TESTABILITY = YES;
				GCC_C_LANGUAGE_STANDARD = gnu11;
				GCC_DYNAMIC_NO_PIC = NO;
				GCC_NO_COMMON_BLOCKS = YES;
				GCC_OPTIMIZATION_LEVEL = 0;
				GCC_PREPROCESSOR_DEFINITIONS = (
					"$(inherited)",
					"DEBUG=1",
				);
				GCC_WARN_64_TO_32_BIT_CONVERSION = YES;
				GCC_WARN_ABOUT_RETURN_TYPE = YES_ERROR;
				GCC_WARN_UNDECLARED_SELECTOR = YES;
				GCC_WARN_UNINITIALIZED_AUTOS = YES_AGGRESSIVE;
				GCC_WARN_UNUSED_FUNCTION = YES;
				GCC_WARN_UNUSED_VARIABLE = YES;
				IPHONEOS_DEPLOYMENT_TARGET = 26.0;
				MACOSX_DEPLOYMENT_TARGET = 26.0;
				MARKETING_VERSION = 0.5;
				MTL_ENABLE_DEBUG_INFO = INCLUDE_SOURCE;
				MTL_FAST_MATH = YES;
				ONLY_ACTIVE_ARCH = YES;
				PRODUCT_BUNDLE_IDENTIFIER = "ai.swoosh.$(PRODUCT_NAME:rfc1034identifier)";
				PRODUCT_NAME = "$(TARGET_NAME)";
				SWIFT_ACTIVE_COMPILATION_CONDITIONS = DEBUG;
				SWIFT_OPTIMIZATION_LEVEL = "-Onone";
				SWIFT_VERSION = 6.3;
			};
			name = Debug;
		};
		8F8946C449DB809F00B43C1B /* Debug */ = {
			isa = XCBuildConfiguration;
			buildSettings = {
				ASSETCATALOG_COMPILER_APPICON_NAME = AppIcon;
				CODE_SIGN_IDENTITY = "iPhone Developer";
				INFOPLIST_FILE = Apps/SwooshiOS/Info.plist;
				LD_RUNPATH_SEARCH_PATHS = (
					"$(inherited)",
					"@executable_path/Frameworks",
				);
				PRODUCT_BUNDLE_IDENTIFIER = ai.swoosh.app.ios;
				PRODUCT_NAME = Detour;
				SDKROOT = iphoneos;
				SUPPORTS_MACCATALYST = NO;
				TARGETED_DEVICE_FAMILY = "1,2";
			};
			name = Debug;
		};
		99887CCF4747E3D6B8DFECEE /* Debug */ = {
			isa = XCBuildConfiguration;
			buildSettings = {
				ASSETCATALOG_COMPILER_APPICON_NAME = AppIcon;
				COMBINE_HIDPI_IMAGES = YES;
				GENERATE_INFOPLIST_FILE = YES;
				INFOPLIST_KEY_CFBundleDisplayName = Detour;
				INFOPLIST_KEY_LSUIElement = NO;
				INFOPLIST_KEY_NSHumanReadableCopyright = "";
				INFOPLIST_KEY_NSLocalNetworkUsageDescription = "Detour uses your local network to let your iPhone connect to this Mac.";
				INFOPLIST_KEY_NSMainNibFile = "";
				INFOPLIST_KEY_NSMicrophoneUsageDescription = "Detour records a short local voice sample so it can recognize your voice.";
				INFOPLIST_KEY_NSSpeechRecognitionUsageDescription = "Detour uses local speech recognition to detect the wake word you choose.";
				LD_RUNPATH_SEARCH_PATHS = (
					"$(inherited)",
					"@executable_path/../Frameworks",
				);
				PRODUCT_BUNDLE_IDENTIFIER = ai.swoosh.detour.mac;
				PRODUCT_NAME = Detour;
				SDKROOT = macosx;
			};
			name = Debug;
		};
		B93C35A7C8BFCA75C512FA28 /* Release */ = {
			isa = XCBuildConfiguration;
			buildSettings = {
				ASSETCATALOG_COMPILER_APPICON_NAME = AppIcon;
				CODE_SIGN_IDENTITY = "iPhone Developer";
				INFOPLIST_FILE = Apps/SwooshiOS/Info.plist;
				LD_RUNPATH_SEARCH_PATHS = (
					"$(inherited)",
					"@executable_path/Frameworks",
				);
				PRODUCT_BUNDLE_IDENTIFIER = ai.swoosh.app.ios;
				PRODUCT_NAME = Detour;
				SDKROOT = iphoneos;
				SUPPORTS_MACCATALYST = NO;
				TARGETED_DEVICE_FAMILY = "1,2";
			};
			name = Release;
		};
		DD5BBCAA223F976922A7A39C /* Release */ = {
			isa = XCBuildConfiguration;
			buildSettings = {
				ASSETCATALOG_COMPILER_APPICON_NAME = AppIcon;
				COMBINE_HIDPI_IMAGES = YES;
				GENERATE_INFOPLIST_FILE = YES;
				INFOPLIST_KEY_CFBundleDisplayName = Detour;
				INFOPLIST_KEY_LSUIElement = NO;
				INFOPLIST_KEY_NSHumanReadableCopyright = "";
				INFOPLIST_KEY_NSLocalNetworkUsageDescription = "Detour uses your local network to let your iPhone connect to this Mac.";
				INFOPLIST_KEY_NSMainNibFile = "";
				INFOPLIST_KEY_NSMicrophoneUsageDescription = "Detour records a short local voice sample so it can recognize your voice.";
				INFOPLIST_KEY_NSSpeechRecognitionUsageDescription = "Detour uses local speech recognition to detect the wake word you choose.";
				LD_RUNPATH_SEARCH_PATHS = (
					"$(inherited)",
					"@executable_path/../Frameworks",
				);
				PRODUCT_BUNDLE_IDENTIFIER = ai.swoosh.detour.mac;
				PRODUCT_NAME = Detour;
				SDKROOT = macosx;
			};
			name = Release;
		};
/* End XCBuildConfiguration section */

/* Begin XCConfigurationList section */
		8E3CAB43F0C731D4DDC5F084 /* Build configuration list for PBXNativeTarget "Swoosh" */ = {
			isa = XCConfigurationList;
			buildConfigurations = (
				99887CCF4747E3D6B8DFECEE /* Debug */,
				DD5BBCAA223F976922A7A39C /* Release */,
			);
			defaultConfigurationIsVisible = 0;
			defaultConfigurationName = Debug;
		};
		90EF32ED6D99B8B4177EB046 /* Build configuration list for PBXNativeTarget "SwooshiOS" */ = {
			isa = XCConfigurationList;
			buildConfigurations = (
				8F8946C449DB809F00B43C1B /* Debug */,
				B93C35A7C8BFCA75C512FA28 /* Release */,
			);
			defaultConfigurationIsVisible = 0;
			defaultConfigurationName = Debug;
		};
		951DB30C469DAD2C0B97F0D0 /* Build configuration list for PBXProject "Swoosh" */ = {
			isa = XCConfigurationList;
			buildConfigurations = (
				4ED70CD451323A9CF452E21F /* Debug */,
				35ACBFB97B75517A0998F6A6 /* Release */,
			);
			defaultConfigurationIsVisible = 0;
			defaultConfigurationName = Debug;
		};
/* End XCConfigurationList section */

/* Begin XCRemoteSwiftPackageReference section */
		09A865B5F47AF35F6D6AAE2C /* XCRemoteSwiftPackageReference "FluidAudio" */ = {
			isa = XCRemoteSwiftPackageReference;
			repositoryURL = "https://github.com/FluidInference/FluidAudio.git";
			requirement = {
				kind = upToNextMajorVersion;
				minimumVersion = 0.14.7;
			};
		};
/* End XCRemoteSwiftPackageReference section */

/* Begin XCSwiftPackageProductDependency section */
		9CEA1CB12BA0572CBEC69073 /* FluidAudio */ = {
			isa = XCSwiftPackageProductDependency;
			package = 09A865B5F47AF35F6D6AAE2C /* XCRemoteSwiftPackageReference "FluidAudio" */;
			productName = FluidAudio;
		};
/* End XCSwiftPackageProductDependency section */
	};
	rootObject = 9EE6AE9D62B611C001EEED87 /* Project object */;
}
